
Microsoft Visual Studio Solution File, Format Version 12.00
# Visual Studio 2012
VisualStudioVersion = 12.0.30110.0
MinimumVisualStudioVersion = 10.0.40219.1
Project("{FAE04EC0-301F-11D3-BF4B-00C04F79EFBC}") = "XwtPlus.TextEditor", "XwtPlus.TextEditor\XwtPlus.TextEditor.csproj", "{FA8374B9-9E2A-40CE-9291-640419E64301}"
EndProject
Project("{2150E333-8FDC-42A3-9474-1A3956D46DE8}") = "TestApps", "TestApps", "{FE3A1977-DCB9-4835-87D3-058A5D44DB2E}"
EndProject
Project("{FAE04EC0-301F-11D3-BF4B-00C04F79EFBC}") = "Sample", "TestApps\Sample\Sample.csproj", "{BE6F8D2F-4173-4C48-AF73-9E69B12D649F}"
EndProject
Project("{FAE04EC0-301F-11D3-BF4B-00C04F79EFBC}") = "GtkTest", "TestApps\GtkTest\GtkTest.csproj", "{1F07F062-7566-4951-A0BA-0667125764DF}"
EndProject
Project("{FAE04EC0-301F-11D3-BF4B-00C04F79EFBC}") = "WPFTest", "TestApps\WPFTest\WPFTest.csproj", "{57F73AFE-845E-4252-83EB-F160A894E4C5}"
EndProject
Global
	GlobalSection(SolutionConfigurationPlatforms) = preSolution
		Debug|Any CPU = Debug|Any CPU
		net_4_5_Debug|Any CPU = net_4_5_Debug|Any CPU
		net_4_5_Release|Any CPU = net_4_5_Release|Any CPU
		Release|Any CPU = Release|Any CPU
	EndGlobalSection
	GlobalSection(ProjectConfigurationPlatforms) = postSolution
		{1F07F062-7566-4951-A0BA-0667125764DF}.Debug|Any CPU.ActiveCfg = Debug|Any CPU
		{1F07F062-7566-4951-A0BA-0667125764DF}.Debug|Any CPU.Build.0 = Debug|Any CPU
		{1F07F062-7566-4951-A0BA-0667125764DF}.net_4_5_Debug|Any CPU.ActiveCfg = Debug|Any CPU
		{1F07F062-7566-4951-A0BA-0667125764DF}.net_4_5_Debug|Any CPU.Build.0 = Debug|Any CPU
		{1F07F062-7566-4951-A0BA-0667125764DF}.net_4_5_Release|Any CPU.ActiveCfg = Release|Any CPU
		{1F07F062-7566-4951-A0BA-0667125764DF}.net_4_5_Release|Any CPU.Build.0 = Release|Any CPU
		{1F07F062-7566-4951-A0BA-0667125764DF}.Release|Any CPU.ActiveCfg = Release|Any CPU
		{1F07F062-7566-4951-A0BA-0667125764DF}.Release|Any CPU.Build.0 = Release|Any CPU
		{57F73AFE-845E-4252-83EB-F160A894E4C5}.Debug|Any CPU.ActiveCfg = Debug|Any CPU
		{57F73AFE-845E-4252-83EB-F160A894E4C5}.Debug|Any CPU.Build.0 = Debug|Any CPU
		{57F73AFE-845E-4252-83EB-F160A894E4C5}.net_4_5_Debug|Any CPU.ActiveCfg = Debug|Any CPU
		{57F73AFE-845E-4252-83EB-F160A894E4C5}.net_4_5_Debug|Any CPU.Build.0 = Debug|Any CPU
		{57F73AFE-845E-4252-83EB-F160A894E4C5}.net_4_5_Release|Any CPU.ActiveCfg = Release|Any CPU
		{57F73AFE-845E-4252-83EB-F160A894E4C5}.net_4_5_Release|Any CPU.Build.0 = Release|Any CPU
		{57F73AFE-845E-4252-83EB-F160A894E4C5}.Release|Any CPU.ActiveCfg = Release|Any CPU
		{57F73AFE-845E-4252-83EB-F160A894E4C5}.Release|Any CPU.Build.0 = Release|Any CPU
		{BE6F8D2F-4173-4C48-AF73-9E69B12D649F}.Debug|Any CPU.ActiveCfg = Debug|Any CPU
		{BE6F8D2F-4173-4C48-AF73-9E69B12D649F}.Debug|Any CPU.Build.0 = Debug|Any CPU
		{BE6F8D2F-4173-4C48-AF73-9E69B12D649F}.net_4_5_Debug|Any CPU.ActiveCfg = Debug|Any CPU
		{BE6F8D2F-4173-4C48-AF73-9E69B12D649F}.net_4_5_Debug|Any CPU.Build.0 = Debug|Any CPU
		{BE6F8D2F-4173-4C48-AF73-9E69B12D649F}.net_4_5_Release|Any CPU.ActiveCfg = Release|Any CPU
		{BE6F8D2F-4173-4C48-AF73-9E69B12D649F}.net_4_5_Release|Any CPU.Build.0 = Release|Any CPU
		{BE6F8D2F-4173-4C48-AF73-9E69B12D649F}.Release|Any CPU.ActiveCfg = Release|Any CPU
		{BE6F8D2F-4173-4C48-AF73-9E69B12D649F}.Release|Any CPU.Build.0 = Release|Any CPU
		{FA8374B9-9E2A-40CE-9291-640419E64301}.Debug|Any CPU.ActiveCfg = Debug|Any CPU
		{FA8374B9-9E2A-40CE-9291-640419E64301}.Debug|Any CPU.Build.0 = Debug|Any CPU
		{FA8374B9-9E2A-40CE-9291-640419E64301}.net_4_5_Debug|Any CPU.ActiveCfg = Debug|Any CPU
		{FA8374B9-9E2A-40CE-9291-640419E64301}.net_4_5_Debug|Any CPU.Build.0 = Debug|Any CPU
		{FA8374B9-9E2A-40CE-9291-640419E64301}.net_4_5_Release|Any CPU.ActiveCfg = Release|Any CPU
		{FA8374B9-9E2A-40CE-9291-640419E64301}.net_4_5_Release|Any CPU.Build.0 = Release|Any CPU
		{FA8374B9-9E2A-40CE-9291-640419E64301}.Release|Any CPU.ActiveCfg = Release|Any CPU
		{FA8374B9-9E2A-40CE-9291-640419E64301}.Release|Any CPU.Build.0 = Release|Any CPU
	EndGlobalSection
	GlobalSection(NestedProjects) = preSolution
		{BE6F8D2F-4173-4C48-AF73-9E69B12D649F} = {FE3A1977-DCB9-4835-87D3-058A5D44DB2E}
		{1F07F062-7566-4951-A0BA-0667125764DF} = {FE3A1977-DCB9-4835-87D3-058A5D44DB2E}
		{57F73AFE-845E-4252-83EB-F160A894E4C5} = {FE3A1977-DCB9-4835-87D3-058A5D44DB2E}
	EndGlobalSection
	GlobalSection(SolutionProperties) = preSolution
		HideSolutionNode = FALSE
	EndGlobalSection
EndGlobal
